
Microsoft Visual Studio Solution File, Format Version 12.00
# Visual Studio Version 17
VisualStudioVersion = 17.0.31903.59
MinimumVisualStudioVersion = 10.0.40219.1
Project("{9A19103F-16F7-4668-BE54-9A1E7A4F7556}") = "a2n.DynData", "a2n.DynData\a2n.DynData.csproj", "{AB6084C1-8FEF-4FCF-B053-34D495ECD8DA}"
EndProject
Project("{2150E333-8FDC-42A3-9474-1A3956D46DE8}") = "30 Examples", "30 Examples", "{3BDC61D4-5AEE-48FC-B86B-4951631F749E}"
EndProject
Project("{2150E333-8FDC-42A3-9474-1A3956D46DE8}") = "00 Libs", "00 Libs", "{5810E8CC-0E38-43E6-AC17-68645DBBA906}"
EndProject
Project("{2150E333-8FDC-42A3-9474-1A3956D46DE8}") = "04 SQL Server - AdventureWorks", "04 SQL Server - AdventureWorks", "{61EF9E09-857E-42EE-900F-703EAB56BB19}"
EndProject
Project("{2150E333-8FDC-42A3-9474-1A3956D46DE8}") = "01 SQLite - Northwind", "01 SQLite - Northwind", "{AFD4BC99-2DCC-4147-A4FD-882790F4E2E0}"
EndProject
Project("{2150E333-8FDC-42A3-9474-1A3956D46DE8}") = "20 Templates", "20 Templates", "{83F28FFD-9726-4ADC-BE19-292CED9F79F2}"
EndProject
Project("{9A19103F-16F7-4668-BE54-9A1E7A4F7556}") = "Northwind.DataAccess", "Examples\Northwind.DataAccess\Northwind.DataAccess.csproj", "{BF1392D0-B784-4A55-8162-BD6D35508D95}"
EndProject
Project("{9A19103F-16F7-4668-BE54-9A1E7A4F7556}") = "AdvWorks.DataAccess", "Examples\AdvWorks.DataAccess\AdvWorks.DataAccess.csproj", "{5D9CD71D-B79D-4D24-BECA-B0F358F6C985}"
EndProject
Project("{9A19103F-16F7-4668-BE54-9A1E7A4F7556}") = "AdvWorks.WebUI", "Examples\AdvWorks.WebUI\AdvWorks.WebUI.csproj", "{8638B85B-BEA9-441B-923E-33FFAA86D105}"
EndProject
Project("{9A19103F-16F7-4668-BE54-9A1E7A4F7556}") = "Northwind.WebUI", "Examples\Northwind.WebUI\Northwind.WebUI.csproj", "{69904018-929E-4458-B8BE-0C2A58A6C3D1}"
EndProject
Project("{2150E333-8FDC-42A3-9474-1A3956D46DE8}") = "10 Javascript Libs", "10 Javascript Libs", "{460D888E-3D01-4679-A6A3-CF33077A1C02}"
	ProjectSection(SolutionItems) = preProject
		a2n Javascripts\a2n-DynData.js = a2n Javascripts\a2n-DynData.js
		a2n Javascripts\a2n.js = a2n Javascripts\a2n.js
	EndProjectSection
EndProject
Global
	GlobalSection(SolutionConfigurationPlatforms) = preSolution
		Debug|Any CPU = Debug|Any CPU
		Release|Any CPU = Release|Any CPU
	EndGlobalSection
	GlobalSection(ProjectConfigurationPlatforms) = postSolution
		{AB6084C1-8FEF-4FCF-B053-34D495ECD8DA}.Debug|Any CPU.ActiveCfg = Debug|Any CPU
		{AB6084C1-8FEF-4FCF-B053-34D495ECD8DA}.Debug|Any CPU.Build.0 = Debug|Any CPU
		{AB6084C1-8FEF-4FCF-B053-34D495ECD8DA}.Release|Any CPU.ActiveCfg = Release|Any CPU
		{AB6084C1-8FEF-4FCF-B053-34D495ECD8DA}.Release|Any CPU.Build.0 = Release|Any CPU
		{BF1392D0-B784-4A55-8162-BD6D35508D95}.Debug|Any CPU.ActiveCfg = Debug|Any CPU
		{BF1392D0-B784-4A55-8162-BD6D35508D95}.Debug|Any CPU.Build.0 = Debug|Any CPU
		{BF1392D0-B784-4A55-8162-BD6D35508D95}.Release|Any CPU.ActiveCfg = Release|Any CPU
		{BF1392D0-B784-4A55-8162-BD6D35508D95}.Release|Any CPU.Build.0 = Release|Any CPU
		{5D9CD71D-B79D-4D24-BECA-B0F358F6C985}.Debug|Any CPU.ActiveCfg = Debug|Any CPU
		{5D9CD71D-B79D-4D24-BECA-B0F358F6C985}.Debug|Any CPU.Build.0 = Debug|Any CPU
		{5D9CD71D-B79D-4D24-BECA-B0F358F6C985}.Release|Any CPU.ActiveCfg = Release|Any CPU
		{5D9CD71D-B79D-4D24-BECA-B0F358F6C985}.Release|Any CPU.Build.0 = Release|Any CPU
		{8638B85B-BEA9-441B-923E-33FFAA86D105}.Debug|Any CPU.ActiveCfg = Debug|Any CPU
		{8638B85B-BEA9-441B-923E-33FFAA86D105}.Debug|Any CPU.Build.0 = Debug|Any CPU
		{8638B85B-BEA9-441B-923E-33FFAA86D105}.Release|Any CPU.ActiveCfg = Release|Any CPU
		{8638B85B-BEA9-441B-923E-33FFAA86D105}.Release|Any CPU.Build.0 = Release|Any CPU
		{69904018-929E-4458-B8BE-0C2A58A6C3D1}.Debug|Any CPU.ActiveCfg = Debug|Any CPU
		{69904018-929E-4458-B8BE-0C2A58A6C3D1}.Debug|Any CPU.Build.0 = Debug|Any CPU
		{69904018-929E-4458-B8BE-0C2A58A6C3D1}.Release|Any CPU.ActiveCfg = Release|Any CPU
		{69904018-929E-4458-B8BE-0C2A58A6C3D1}.Release|Any CPU.Build.0 = Release|Any CPU
	EndGlobalSection
	GlobalSection(SolutionProperties) = preSolution
		HideSolutionNode = FALSE
	EndGlobalSection
	GlobalSection(NestedProjects) = preSolution
		{AB6084C1-8FEF-4FCF-B053-34D495ECD8DA} = {5810E8CC-0E38-43E6-AC17-68645DBBA906}
		{61EF9E09-857E-42EE-900F-703EAB56BB19} = {3BDC61D4-5AEE-48FC-B86B-4951631F749E}
		{AFD4BC99-2DCC-4147-A4FD-882790F4E2E0} = {3BDC61D4-5AEE-48FC-B86B-4951631F749E}
		{BF1392D0-B784-4A55-8162-BD6D35508D95} = {AFD4BC99-2DCC-4147-A4FD-882790F4E2E0}
		{5D9CD71D-B79D-4D24-BECA-B0F358F6C985} = {61EF9E09-857E-42EE-900F-703EAB56BB19}
		{8638B85B-BEA9-441B-923E-33FFAA86D105} = {61EF9E09-857E-42EE-900F-703EAB56BB19}
		{69904018-929E-4458-B8BE-0C2A58A6C3D1} = {AFD4BC99-2DCC-4147-A4FD-882790F4E2E0}
	EndGlobalSection
	GlobalSection(ExtensibilityGlobals) = postSolution
		SolutionGuid = {06A718F6-429D-41DE-9DB0-8963686ACD3B}
	EndGlobalSection
EndGlobal
